
Microsoft Visual Studio Solution File, Format Version 12.00
# Visual Studio Version 17
VisualStudioVersion = 17.10.34916.146
MinimumVisualStudioVersion = 10.0.40219.1
Project("{FAE04EC0-301F-11D3-BF4B-00C04F79EFBC}") = "Treinamento", "Treinamento\Treinamento.csproj", "{45AA54A7-D5EB-4B5C-B442-C5401AA8763F}"
EndProject
Global
	GlobalSection(SolutionConfigurationPlatforms) = preSolution
		Debug|Any CPU = Debug|Any CPU
		Release|Any CPU = Release|Any CPU
	EndGlobalSection
	GlobalSection(ProjectConfigurationPlatforms) = postSolution
		{45AA54A7-D5EB-4B5C-B442-C5401AA8763F}.Debug|Any CPU.ActiveCfg = Debug|Any CPU
		{45AA54A7-D5EB-4B5C-B442-C5401AA8763F}.Debug|Any CPU.Build.0 = Debug|Any CPU
		{45AA54A7-D5EB-4B5C-B442-C5401AA8763F}.Release|Any CPU.ActiveCfg = Release|Any CPU
		{45AA54A7-D5EB-4B5C-B442-C5401AA8763F}.Release|Any CPU.Build.0 = Release|Any CPU
	EndGlobalSection
	GlobalSection(SolutionProperties) = preSolution
		HideSolutionNode = FALSE
	EndGlobalSection
	GlobalSection(ExtensibilityGlobals) = postSolution
		SolutionGuid = {246539E5-C6E7-4F97-93E0-CE71D7796642}
	EndGlobalSection
EndGlobal
